// !$*UTF8*$!
{
	archiveVersion = 1;
	classes = {
	};
	objectVersion = 46;
	objects = {

/* Begin PBXBuildFile section */
		2315DD4B6653D0B38039852D /* libPods.a in Frameworks */ = {isa = PBXBuildFile; fileRef = 3CF8EF10168E7883C69E4152 /* libPods.a */; };
		A049FC141CC53D120038D27A /* ViewController.swift in Sources */ = {isa = PBXBuildFile; fileRef = A049FC131CC53D120038D27A /* ViewController.swift */; };
		A049FC161CC57E150038D27A /* MealViewController.swift in Sources */ = {isa = PBXBuildFile; fileRef = A049FC151CC57E150038D27A /* MealViewController.swift */; };
		F22BAF6D1CBB2F3500111BD0 /* FJFaceRecognizer.mm in Sources */ = {isa = PBXBuildFile; fileRef = F22BAF671CBB2F3500111BD0 /* FJFaceRecognizer.mm */; };
		F22BAF6E1CBB2F3500111BD0 /* FJFaceRecognitionViewController.m in Sources */ = {isa = PBXBuildFile; fileRef = F22BAF691CBB2F3500111BD0 /* FJFaceRecognitionViewController.m */; };
		F22BAF6F1CBB2F3500111BD0 /* FJFaceDetector.mm in Sources */ = {isa = PBXBuildFile; fileRef = F22BAF6B1CBB2F3500111BD0 /* FJFaceDetector.mm */; };
		F22BAF731CBB308500111BD0 /* FJLiveCameraViewController.m in Sources */ = {isa = PBXBuildFile; fileRef = F22BAF721CBB308500111BD0 /* FJLiveCameraViewController.m */; };
		F22BAF761CBB3A1100111BD0 /* haarcascade_frontalface_alt2.xml in Resources */ = {isa = PBXBuildFile; fileRef = F22BAF741CBB3A1100111BD0 /* haarcascade_frontalface_alt2.xml */; };
		F22BAF771CBB3A1100111BD0 /* haarcascade_eye_tree_eyeglasses.xml in Resources */ = {isa = PBXBuildFile; fileRef = F22BAF751CBB3A1100111BD0 /* haarcascade_eye_tree_eyeglasses.xml */; };
		F22BAF7A1CBB3AEB00111BD0 /* UIImage+OpenCV.mm in Sources */ = {isa = PBXBuildFile; fileRef = F22BAF781CBB3AEB00111BD0 /* UIImage+OpenCV.mm */; };
		F22BAF821CBC3C3F00111BD0 /* AfterCompareViewController.swift in Sources */ = {isa = PBXBuildFile; fileRef = F22BAF811CBC3C3F00111BD0 /* AfterCompareViewController.swift */; };
		F242B6CC1C87816F00D6A0C4 /* AppDelegate.swift in Sources */ = {isa = PBXBuildFile; fileRef = F242B6CB1C87816F00D6A0C4 /* AppDelegate.swift */; };
		F242B6CE1C87816F00D6A0C4 /* MainViewController.swift in Sources */ = {isa = PBXBuildFile; fileRef = F242B6CD1C87816F00D6A0C4 /* MainViewController.swift */; };
		F242B6D11C87816F00D6A0C4 /* Main.storyboard in Resources */ = {isa = PBXBuildFile; fileRef = F242B6CF1C87816F00D6A0C4 /* Main.storyboard */; };
		F242B6D41C87816F00D6A0C4 /* BouncerBuddy.xcdatamodeld in Sources */ = {isa = PBXBuildFile; fileRef = F242B6D21C87816F00D6A0C4 /* BouncerBuddy.xcdatamodeld */; };
		F242B6D61C87816F00D6A0C4 /* Assets.xcassets in Resources */ = {isa = PBXBuildFile; fileRef = F242B6D51C87816F00D6A0C4 /* Assets.xcassets */; };
		F242B6D91C87816F00D6A0C4 /* LaunchScreen.storyboard in Resources */ = {isa = PBXBuildFile; fileRef = F242B6D71C87816F00D6A0C4 /* LaunchScreen.storyboard */; };
		F242B6E41C87816F00D6A0C4 /* BouncerBuddyTests.swift in Sources */ = {isa = PBXBuildFile; fileRef = F242B6E31C87816F00D6A0C4 /* BouncerBuddyTests.swift */; };
		F242B6EF1C87816F00D6A0C4 /* BouncerBuddyUITests.swift in Sources */ = {isa = PBXBuildFile; fileRef = F242B6EE1C87816F00D6A0C4 /* BouncerBuddyUITests.swift */; };
		F242B6FD1C8785E700D6A0C4 /* RegisterViewController.swift in Sources */ = {isa = PBXBuildFile; fileRef = F242B6FC1C8785E700D6A0C4 /* RegisterViewController.swift */; };
		F255D8571C8D38D200D681EE /* SignInViewController.swift in Sources */ = {isa = PBXBuildFile; fileRef = F255D8561C8D38D200D681EE /* SignInViewController.swift */; };
		F2A741671C8E061D00B8518E /* ScanningHubViewController.swift in Sources */ = {isa = PBXBuildFile; fileRef = F2A741661C8E061D00B8518E /* ScanningHubViewController.swift */; };
		F2B9EBBD1C8DDE2200CDF5A4 /* BlackListViewControler.swift in Sources */ = {isa = PBXBuildFile; fileRef = F2B9EBBC1C8DDE2200CDF5A4 /* BlackListViewControler.swift */; };
		F2B9EBBF1C8DDF9600CDF5A4 /* BannedModel.swift in Sources */ = {isa = PBXBuildFile; fileRef = F2B9EBBE1C8DDF9600CDF5A4 /* BannedModel.swift */; };
		F2B9EBC11C8DDFFF00CDF5A4 /* HomeModel.swift in Sources */ = {isa = PBXBuildFile; fileRef = F2B9EBC01C8DDFFF00CDF5A4 /* HomeModel.swift */; };
		F2C6F47D1CBCC09900DF0DA5 /* Meal.swift in Sources */ = {isa = PBXBuildFile; fileRef = F2C6F4781CBCC09900DF0DA5 /* Meal.swift */; };
		F2C6F47E1CBCC09900DF0DA5 /* MealTableViewController.swift in Sources */ = {isa = PBXBuildFile; fileRef = F2C6F4791CBCC09900DF0DA5 /* MealTableViewController.swift */; };
		F2C6F47F1CBCC09900DF0DA5 /* MealTableViewCell.swift in Sources */ = {isa = PBXBuildFile; fileRef = F2C6F47A1CBCC09900DF0DA5 /* MealTableViewCell.swift */; };
		F2C6F4801CBCC09900DF0DA5 /* RatingControl.swift in Sources */ = {isa = PBXBuildFile; fileRef = F2C6F47B1CBCC09900DF0DA5 /* RatingControl.swift */; };
/* End PBXBuildFile section */

/* Begin PBXContainerItemProxy section */
		F242B6E01C87816F00D6A0C4 /* PBXContainerItemProxy */ = {
			isa = PBXContainerItemProxy;
			containerPortal = F242B6C01C87816F00D6A0C4 /* Project object */;
			proxyType = 1;
			remoteGlobalIDString = F242B6C71C87816F00D6A0C4;
			remoteInfo = BouncerBuddy;
		};
		F242B6EB1C87816F00D6A0C4 /* PBXContainerItemProxy */ = {
			isa = PBXContainerItemProxy;
			containerPortal = F242B6C01C87816F00D6A0C4 /* Project object */;
			proxyType = 1;
			remoteGlobalIDString = F242B6C71C87816F00D6A0C4;
			remoteInfo = BouncerBuddy;
		};
/* End PBXContainerItemProxy section */

/* Begin PBXFileReference section */
		3CF8EF10168E7883C69E4152 /* libPods.a */ = {isa = PBXFileReference; explicitFileType = archive.ar; includeInIndex = 0; path = libPods.a; sourceTree = BUILT_PRODUCTS_DIR; };
		6CB63D55EF09F80D8451C2AF /* Pods.release.xcconfig */ = {isa = PBXFileReference; includeInIndex = 1; lastKnownFileType = text.xcconfig; name = Pods.release.xcconfig; path = "Pods/Target Support Files/Pods/Pods.release.xcconfig"; sourceTree = "<group>"; };
		A049FC131CC53D120038D27A /* ViewController.swift */ = {isa = PBXFileReference; fileEncoding = 4; lastKnownFileType = sourcecode.swift; name = ViewController.swift; path = ../../../Downloads/BarcodeActual/BarcodeActual/ViewController.swift; sourceTree = "<group>"; };
		A049FC151CC57E150038D27A /* MealViewController.swift */ = {isa = PBXFileReference; fileEncoding = 4; lastKnownFileType = sourcecode.swift; name = MealViewController.swift; path = "../../../Downloads/BlackList _ gender validation-2/FoodTracker - Persist Data/FoodTracker/MealViewController.swift"; sourceTree = "<group>"; };
		A6FFDBAC24940B6191F97374 /* Pods.debug.xcconfig */ = {isa = PBXFileReference; includeInIndex = 1; lastKnownFileType = text.xcconfig; name = Pods.debug.xcconfig; path = "Pods/Target Support Files/Pods/Pods.debug.xcconfig"; sourceTree = "<group>"; };
		F22BAF651CBB2F3500111BD0 /* BouncerBuddy-Bridging-Header.h */ = {isa = PBXFileReference; lastKnownFileType = sourcecode.c.h; path = "BouncerBuddy-Bridging-Header.h"; sourceTree = "<group>"; };
		F22BAF661CBB2F3500111BD0 /* FJLiveCameraViewController.h */ = {isa = PBXFileReference; fileEncoding = 4; lastKnownFileType = sourcecode.c.h; name = FJLiveCameraViewController.h; path = "../../facial(Test)/FaceRec/FJLiveCameraViewController.h"; sourceTree = "<group>"; };
		F22BAF671CBB2F3500111BD0 /* FJFaceRecognizer.mm */ = {isa = PBXFileReference; fileEncoding = 4; lastKnownFileType = sourcecode.cpp.objcpp; name = FJFaceRecognizer.mm; path = "../../facial(Test)/FaceRec/FJFaceRecognizer.mm"; sourceTree = "<group>"; };
		F22BAF681CBB2F3500111BD0 /* FJFaceRecognizer.h */ = {isa = PBXFileReference; fileEncoding = 4; lastKnownFileType = sourcecode.c.h; name = FJFaceRecognizer.h; path = "../../facial(Test)/FaceRec/FJFaceRecognizer.h"; sourceTree = "<group>"; };
		F22BAF691CBB2F3500111BD0 /* FJFaceRecognitionViewController.m */ = {isa = PBXFileReference; fileEncoding = 4; lastKnownFileType = sourcecode.c.objc; name = FJFaceRecognitionViewController.m; path = "../../facial(Test)/FaceRec/FJFaceRecognitionViewController.m"; sourceTree = "<group>"; };
		F22BAF6A1CBB2F3500111BD0 /* FJFaceRecognitionViewController.h */ = {isa = PBXFileReference; fileEncoding = 4; lastKnownFileType = sourcecode.c.h; name = FJFaceRecognitionViewController.h; path = "../../facial(Test)/FaceRec/FJFaceRecognitionViewController.h"; sourceTree = "<group>"; };
		F22BAF6B1CBB2F3500111BD0 /* FJFaceDetector.mm */ = {isa = PBXFileReference; fileEncoding = 4; lastKnownFileType = sourcecode.cpp.objcpp; name = FJFaceDetector.mm; path = "../../facial(Test)/FaceRec/FJFaceDetector.mm"; sourceTree = "<group>"; };
		F22BAF6C1CBB2F3500111BD0 /* FJFaceDetector.h */ = {isa = PBXFileReference; fileEncoding = 4; lastKnownFileType = sourcecode.c.h; name = FJFaceDetector.h; path = "../../facial(Test)/FaceRec/FJFaceDetector.h"; sourceTree = "<group>"; };
		F22BAF721CBB308500111BD0 /* FJLiveCameraViewController.m */ = {isa = PBXFileReference; fileEncoding = 4; lastKnownFileType = sourcecode.c.objc; name = FJLiveCameraViewController.m; path = "../../facial(Test)/FaceRec/FJLiveCameraViewController.m"; sourceTree = "<group>"; };
		F22BAF741CBB3A1100111BD0 /* haarcascade_frontalface_alt2.xml */ = {isa = PBXFileReference; fileEncoding = 4; lastKnownFileType = text.xml; name = haarcascade_frontalface_alt2.xml; path = "../../facial(Test)/FaceRec/haarcascade_frontalface_alt2.xml"; sourceTree = "<group>"; };
		F22BAF751CBB3A1100111BD0 /* haarcascade_eye_tree_eyeglasses.xml */ = {isa = PBXFileReference; fileEncoding = 4; lastKnownFileType = text.xml; name = haarcascade_eye_tree_eyeglasses.xml; path = "../../facial(Test)/FaceRec/haarcascade_eye_tree_eyeglasses.xml"; sourceTree = "<group>"; };
		F22BAF781CBB3AEB00111BD0 /* UIImage+OpenCV.mm */ = {isa = PBXFileReference; fileEncoding = 4; lastKnownFileType = sourcecode.cpp.objcpp; name = "UIImage+OpenCV.mm"; path = "../../facial(Test)/FaceRec/UIImage+OpenCV.mm"; sourceTree = "<group>"; };
		F22BAF791CBB3AEB00111BD0 /* UIImage+OpenCV.h */ = {isa = PBXFileReference; fileEncoding = 4; lastKnownFileType = sourcecode.c.h; name = "UIImage+OpenCV.h"; path = "../../facial(Test)/FaceRec/UIImage+OpenCV.h"; sourceTree = "<group>"; };
		F22BAF811CBC3C3F00111BD0 /* AfterCompareViewController.swift */ = {isa = PBXFileReference; fileEncoding = 4; lastKnownFileType = sourcecode.swift; path = AfterCompareViewController.swift; sourceTree = "<group>"; };
		F242B6C81C87816F00D6A0C4 /* BouncerBuddy.app */ = {isa = PBXFileReference; explicitFileType = wrapper.application; includeInIndex = 0; path = BouncerBuddy.app; sourceTree = BUILT_PRODUCTS_DIR; };
		F242B6CB1C87816F00D6A0C4 /* AppDelegate.swift */ = {isa = PBXFileReference; lastKnownFileType = sourcecode.swift; path = AppDelegate.swift; sourceTree = "<group>"; };
		F242B6CD1C87816F00D6A0C4 /* MainViewController.swift */ = {isa = PBXFileReference; lastKnownFileType = sourcecode.swift; path = MainViewController.swift; sourceTree = "<group>"; };
		F242B6D01C87816F00D6A0C4 /* Base */ = {isa = PBXFileReference; lastKnownFileType = file.storyboard; name = Base; path = Base.lproj/Main.storyboard; sourceTree = "<group>"; };
		F242B6D31C87816F00D6A0C4 /* BouncerBuddy.xcdatamodel */ = {isa = PBXFileReference; lastKnownFileType = wrapper.xcdatamodel; path = BouncerBuddy.xcdatamodel; sourceTree = "<group>"; };
		F242B6D51C87816F00D6A0C4 /* Assets.xcassets */ = {isa = PBXFileReference; lastKnownFileType = folder.assetcatalog; path = Assets.xcassets; sourceTree = "<group>"; };
		F242B6D81C87816F00D6A0C4 /* Base */ = {isa = PBXFileReference; lastKnownFileType = file.storyboard; name = Base; path = Base.lproj/LaunchScreen.storyboard; sourceTree = "<group>"; };
		F242B6DA1C87816F00D6A0C4 /* Info.plist */ = {isa = PBXFileReference; lastKnownFileType = text.plist.xml; path = Info.plist; sourceTree = "<group>"; };
		F242B6DF1C87816F00D6A0C4 /* BouncerBuddyTests.xctest */ = {isa = PBXFileReference; explicitFileType = wrapper.cfbundle; includeInIndex = 0; path = BouncerBuddyTests.xctest; sourceTree = BUILT_PRODUCTS_DIR; };
		F242B6E31C87816F00D6A0C4 /* BouncerBuddyTests.swift */ = {isa = PBXFileReference; lastKnownFileType = sourcecode.swift; path = BouncerBuddyTests.swift; sourceTree = "<group>"; };
		F242B6E51C87816F00D6A0C4 /* Info.plist */ = {isa = PBXFileReference; lastKnownFileType = text.plist.xml; path = Info.plist; sourceTree = "<group>"; };
		F242B6EA1C87816F00D6A0C4 /* BouncerBuddyUITests.xctest */ = {isa = PBXFileReference; explicitFileType = wrapper.cfbundle; includeInIndex = 0; path = BouncerBuddyUITests.xctest; sourceTree = BUILT_PRODUCTS_DIR; };
		F242B6EE1C87816F00D6A0C4 /* BouncerBuddyUITests.swift */ = {isa = PBXFileReference; lastKnownFileType = sourcecode.swift; path = BouncerBuddyUITests.swift; sourceTree = "<group>"; };
		F242B6F01C87816F00D6A0C4 /* Info.plist */ = {isa = PBXFileReference; lastKnownFileType = text.plist.xml; path = Info.plist; sourceTree = "<group>"; };
		F242B6FC1C8785E700D6A0C4 /* RegisterViewController.swift */ = {isa = PBXFileReference; fileEncoding = 4; lastKnownFileType = sourcecode.swift; path = RegisterViewController.swift; sourceTree = "<group>"; };
		F255D8561C8D38D200D681EE /* SignInViewController.swift */ = {isa = PBXFileReference; fileEncoding = 4; lastKnownFileType = sourcecode.swift; path = SignInViewController.swift; sourceTree = "<group>"; };
		F2A741661C8E061D00B8518E /* ScanningHubViewController.swift */ = {isa = PBXFileReference; fileEncoding = 4; lastKnownFileType = sourcecode.swift; path = ScanningHubViewController.swift; sourceTree = "<group>"; };
		F2B9EBBC1C8DDE2200CDF5A4 /* BlackListViewControler.swift */ = {isa = PBXFileReference; fileEncoding = 4; lastKnownFileType = sourcecode.swift; path = BlackListViewControler.swift; sourceTree = "<group>"; };
		F2B9EBBE1C8DDF9600CDF5A4 /* BannedModel.swift */ = {isa = PBXFileReference; fileEncoding = 4; lastKnownFileType = sourcecode.swift; path = BannedModel.swift; sourceTree = "<group>"; };
		F2B9EBC01C8DDFFF00CDF5A4 /* HomeModel.swift */ = {isa = PBXFileReference; fileEncoding = 4; lastKnownFileType = sourcecode.swift; path = HomeModel.swift; sourceTree = "<group>"; };
		F2C6F4781CBCC09900DF0DA5 /* Meal.swift */ = {isa = PBXFileReference; fileEncoding = 4; lastKnownFileType = sourcecode.swift; name = Meal.swift; path = "../../../Downloads/BlackList _ gender validation/FoodTracker - Persist Data/FoodTracker/Meal.swift"; sourceTree = "<group>"; };
		F2C6F4791CBCC09900DF0DA5 /* MealTableViewController.swift */ = {isa = PBXFileReference; fileEncoding = 4; lastKnownFileType = sourcecode.swift; name = MealTableViewController.swift; path = "../../../Downloads/BlackList _ gender validation/FoodTracker - Persist Data/FoodTracker/MealTableViewController.swift"; sourceTree = "<group>"; };
		F2C6F47A1CBCC09900DF0DA5 /* MealTableViewCell.swift */ = {isa = PBXFileReference; fileEncoding = 4; lastKnownFileType = sourcecode.swift; name = MealTableViewCell.swift; path = "../../../Downloads/BlackList _ gender validation/FoodTracker - Persist Data/FoodTracker/MealTableViewCell.swift"; sourceTree = "<group>"; };
		F2C6F47B1CBCC09900DF0DA5 /* RatingControl.swift */ = {isa = PBXFileReference; fileEncoding = 4; lastKnownFileType = sourcecode.swift; name = RatingControl.swift; path = "../../../Downloads/BlackList _ gender validation/FoodTracker - Persist Data/FoodTracker/RatingControl.swift"; sourceTree = "<group>"; };
/* End PBXFileReference section */

/* Begin PBXFrameworksBuildPhase section */
		F242B6C51C87816F00D6A0C4 /* Frameworks */ = {
			isa = PBXFrameworksBuildPhase;
			buildActionMask = 2147483647;
			files = (
				2315DD4B6653D0B38039852D /* libPods.a in Frameworks */,
			);
			runOnlyForDeploymentPostprocessing = 0;
		};
		F242B6DC1C87816F00D6A0C4 /* Frameworks */ = {
			isa = PBXFrameworksBuildPhase;
			buildActionMask = 2147483647;
			files = (
			);
			runOnlyForDeploymentPostprocessing = 0;
		};
		F242B6E71C87816F00D6A0C4 /* Frameworks */ = {
			isa = PBXFrameworksBuildPhase;
			buildActionMask = 2147483647;
			files = (
			);
			runOnlyForDeploymentPostprocessing = 0;
		};
/* End PBXFrameworksBuildPhase section */

/* Begin PBXGroup section */
		4097573F6B0EDCAC93CA0BCD /* Pods */ = {
			isa = PBXGroup;
			children = (
				A6FFDBAC24940B6191F97374 /* Pods.debug.xcconfig */,
				6CB63D55EF09F80D8451C2AF /* Pods.release.xcconfig */,
			);
			name = Pods;
			sourceTree = "<group>";
		};
		F242B6BF1C87816F00D6A0C4 = {
			isa = PBXGroup;
			children = (
				F242B6CA1C87816F00D6A0C4 /* BouncerBuddy */,
				F242B6E21C87816F00D6A0C4 /* BouncerBuddyTests */,
				F242B6ED1C87816F00D6A0C4 /* BouncerBuddyUITests */,
				F242B6C91C87816F00D6A0C4 /* Products */,
				4097573F6B0EDCAC93CA0BCD /* Pods */,
				F41D3254AB0A497A4F3A7F25 /* Frameworks */,
			);
			sourceTree = "<group>";
		};
		F242B6C91C87816F00D6A0C4 /* Products */ = {
			isa = PBXGroup;
			children = (
				F242B6C81C87816F00D6A0C4 /* BouncerBuddy.app */,
				F242B6DF1C87816F00D6A0C4 /* BouncerBuddyTests.xctest */,
				F242B6EA1C87816F00D6A0C4 /* BouncerBuddyUITests.xctest */,
			);
			name = Products;
			sourceTree = "<group>";
		};
		F242B6CA1C87816F00D6A0C4 /* BouncerBuddy */ = {
			isa = PBXGroup;
			children = (
				A049FC151CC57E150038D27A /* MealViewController.swift */,
				A049FC131CC53D120038D27A /* ViewController.swift */,
				F2C6F4781CBCC09900DF0DA5 /* Meal.swift */,
				F2C6F4791CBCC09900DF0DA5 /* MealTableViewController.swift */,
				F2C6F47A1CBCC09900DF0DA5 /* MealTableViewCell.swift */,
				F2C6F47B1CBCC09900DF0DA5 /* RatingControl.swift */,
				F22BAF781CBB3AEB00111BD0 /* UIImage+OpenCV.mm */,
				F22BAF791CBB3AEB00111BD0 /* UIImage+OpenCV.h */,
				F22BAF741CBB3A1100111BD0 /* haarcascade_frontalface_alt2.xml */,
				F22BAF751CBB3A1100111BD0 /* haarcascade_eye_tree_eyeglasses.xml */,
				F22BAF721CBB308500111BD0 /* FJLiveCameraViewController.m */,
				F22BAF661CBB2F3500111BD0 /* FJLiveCameraViewController.h */,
				F22BAF671CBB2F3500111BD0 /* FJFaceRecognizer.mm */,
				F22BAF681CBB2F3500111BD0 /* FJFaceRecognizer.h */,
				F22BAF691CBB2F3500111BD0 /* FJFaceRecognitionViewController.m */,
				F22BAF6A1CBB2F3500111BD0 /* FJFaceRecognitionViewController.h */,
				F22BAF6B1CBB2F3500111BD0 /* FJFaceDetector.mm */,
				F22BAF6C1CBB2F3500111BD0 /* FJFaceDetector.h */,
				F2A741661C8E061D00B8518E /* ScanningHubViewController.swift */,
				F242B6CB1C87816F00D6A0C4 /* AppDelegate.swift */,
				F242B6CD1C87816F00D6A0C4 /* MainViewController.swift */,
				F242B6CF1C87816F00D6A0C4 /* Main.storyboard */,
				F22BAF811CBC3C3F00111BD0 /* AfterCompareViewController.swift */,
				F255D8561C8D38D200D681EE /* SignInViewController.swift */,
				F242B6D51C87816F00D6A0C4 /* Assets.xcassets */,
				F242B6D71C87816F00D6A0C4 /* LaunchScreen.storyboard */,
				F242B6DA1C87816F00D6A0C4 /* Info.plist */,
				F242B6D21C87816F00D6A0C4 /* BouncerBuddy.xcdatamodeld */,
				F242B6FC1C8785E700D6A0C4 /* RegisterViewController.swift */,
				F2B9EBBC1C8DDE2200CDF5A4 /* BlackListViewControler.swift */,
				F2B9EBBE1C8DDF9600CDF5A4 /* BannedModel.swift */,
				F2B9EBC01C8DDFFF00CDF5A4 /* HomeModel.swift */,
				F22BAF651CBB2F3500111BD0 /* BouncerBuddy-Bridging-Header.h */,
			);
			path = BouncerBuddy;
			sourceTree = "<group>";
		};
		F242B6E21C87816F00D6A0C4 /* BouncerBuddyTests */ = {
			isa = PBXGroup;
			children = (
				F242B6E31C87816F00D6A0C4 /* BouncerBuddyTests.swift */,
				F242B6E51C87816F00D6A0C4 /* Info.plist */,
			);
			path = BouncerBuddyTests;
			sourceTree = "<group>";
		};
		F242B6ED1C87816F00D6A0C4 /* BouncerBuddyUITests */ = {
			isa = PBXGroup;
			children = (
				F242B6EE1C87816F00D6A0C4 /* BouncerBuddyUITests.swift */,
				F242B6F01C87816F00D6A0C4 /* Info.plist */,
			);
			path = BouncerBuddyUITests;
			sourceTree = "<group>";
		};
		F41D3254AB0A497A4F3A7F25 /* Frameworks */ = {
			isa = PBXGroup;
			children = (
				3CF8EF10168E7883C69E4152 /* libPods.a */,
			);
			name = Frameworks;
			sourceTree = "<group>";
		};
/* End PBXGroup section */

/* Begin PBXNativeTarget section */
		F242B6C71C87816F00D6A0C4 /* BouncerBuddy */ = {
			isa = PBXNativeTarget;
			buildConfigurationList = F242B6F31C87816F00D6A0C4 /* Build configuration list for PBXNativeTarget "BouncerBuddy" */;
			buildPhases = (
				6F8976F545A444AC21ACA801 /* Check Pods Manifest.lock */,
				F242B6C41C87816F00D6A0C4 /* Sources */,
				F242B6C51C87816F00D6A0C4 /* Frameworks */,
				F242B6C61C87816F00D6A0C4 /* Resources */,
				832A063D4E52A3462E9817E6 /* Embed Pods Frameworks */,
				AB2C27700E293B67CAC49CA2 /* Copy Pods Resources */,
			);
			buildRules = (
			);
			dependencies = (
			);
			name = BouncerBuddy;
			productName = BouncerBuddy;
			productReference = F242B6C81C87816F00D6A0C4 /* BouncerBuddy.app */;
			productType = "com.apple.product-type.application";
		};
		F242B6DE1C87816F00D6A0C4 /* BouncerBuddyTests */ = {
			isa = PBXNativeTarget;
			buildConfigurationList = F242B6F61C87816F00D6A0C4 /* Build configuration list for PBXNativeTarget "BouncerBuddyTests" */;
			buildPhases = (
				F242B6DB1C87816F00D6A0C4 /* Sources */,
				F242B6DC1C87816F00D6A0C4 /* Frameworks */,
				F242B6DD1C87816F00D6A0C4 /* Resources */,
			);
			buildRules = (
			);
			dependencies = (
				F242B6E11C87816F00D6A0C4 /* PBXTargetDependency */,
			);
			name = BouncerBuddyTests;
			productName = BouncerBuddyTests;
			productReference = F242B6DF1C87816F00D6A0C4 /* BouncerBuddyTests.xctest */;
			productType = "com.apple.product-type.bundle.unit-test";
		};
		F242B6E91C87816F00D6A0C4 /* BouncerBuddyUITests */ = {
			isa = PBXNativeTarget;
			buildConfigurationList = F242B6F91C87816F00D6A0C4 /* Build configuration list for PBXNativeTarget "BouncerBuddyUITests" */;
			buildPhases = (
				F242B6E61C87816F00D6A0C4 /* Sources */,
				F242B6E71C87816F00D6A0C4 /* Frameworks */,
				F242B6E81C87816F00D6A0C4 /* Resources */,
			);
			buildRules = (
			);
			dependencies = (
				F242B6EC1C87816F00D6A0C4 /* PBXTargetDependency */,
			);
			name = BouncerBuddyUITests;
			productName = BouncerBuddyUITests;
			productReference = F242B6EA1C87816F00D6A0C4 /* BouncerBuddyUITests.xctest */;
			productType = "com.apple.product-type.bundle.ui-testing";
		};
/* End PBXNativeTarget section */

/* Begin PBXProject section */
		F242B6C01C87816F00D6A0C4 /* Project object */ = {
			isa = PBXProject;
			attributes = {
				LastSwiftUpdateCheck = 0730;
				LastUpgradeCheck = 0720;
				ORGANIZATIONNAME = "Sheryl Hong";
				TargetAttributes = {
					F242B6C71C87816F00D6A0C4 = {
						CreatedOnToolsVersion = 7.2;
						DevelopmentTeam = U8ACH3ZLN8;
					};
					F242B6DE1C87816F00D6A0C4 = {
						CreatedOnToolsVersion = 7.2;
						TestTargetID = F242B6C71C87816F00D6A0C4;
					};
					F242B6E91C87816F00D6A0C4 = {
						CreatedOnToolsVersion = 7.2;
						TestTargetID = F242B6C71C87816F00D6A0C4;
					};
				};
			};
			buildConfigurationList = F242B6C31C87816F00D6A0C4 /* Build configuration list for PBXProject "BouncerBuddy" */;
			compatibilityVersion = "Xcode 3.2";
			developmentRegion = English;
			hasScannedForEncodings = 0;
			knownRegions = (
				en,
				Base,
			);
			mainGroup = F242B6BF1C87816F00D6A0C4;
			productRefGroup = F242B6C91C87816F00D6A0C4 /* Products */;
			projectDirPath = "";
			projectRoot = "";
			targets = (
				F242B6C71C87816F00D6A0C4 /* BouncerBuddy */,
				F242B6DE1C87816F00D6A0C4 /* BouncerBuddyTests */,
				F242B6E91C87816F00D6A0C4 /* BouncerBuddyUITests */,
			);
		};
/* End PBXProject section */

/* Begin PBXResourcesBuildPhase section */
		F242B6C61C87816F00D6A0C4 /* Resources */ = {
			isa = PBXResourcesBuildPhase;
			buildActionMask = 2147483647;
			files = (
				F22BAF771CBB3A1100111BD0 /* haarcascade_eye_tree_eyeglasses.xml in Resources */,
				F242B6D91C87816F00D6A0C4 /* LaunchScreen.storyboard in Resources */,
				F242B6D61C87816F00D6A0C4 /* Assets.xcassets in Resources */,
				F22BAF761CBB3A1100111BD0 /* haarcascade_frontalface_alt2.xml in Resources */,
				F242B6D11C87816F00D6A0C4 /* Main.storyboard in Resources */,
			);
			runOnlyForDeploymentPostprocessing = 0;
		};
		F242B6DD1C87816F00D6A0C4 /* Resources */ = {
			isa = PBXResourcesBuildPhase;
			buildActionMask = 2147483647;
			files = (
			);
			runOnlyForDeploymentPostprocessing = 0;
		};
		F242B6E81C87816F00D6A0C4 /* Resources */ = {
			isa = PBXResourcesBuildPhase;
			buildActionMask = 2147483647;
			files = (
			);
			runOnlyForDeploymentPostprocessing = 0;
		};
/* End PBXResourcesBuildPhase section */

/* Begin PBXShellScriptBuildPhase section */
		6F8976F545A444AC21ACA801 /* Check Pods Manifest.lock */ = {
			isa = PBXShellScriptBuildPhase;
			buildActionMask = 2147483647;
			files = (
			);
			inputPaths = (
			);
			name = "Check Pods Manifest.lock";
			outputPaths = (
			);
			runOnlyForDeploymentPostprocessing = 0;
			shellPath = /bin/sh;
			shellScript = "diff \"${PODS_ROOT}/../Podfile.lock\" \"${PODS_ROOT}/Manifest.lock\" > /dev/null\nif [[ $? != 0 ]] ; then\n    cat << EOM\nerror: The sandbox is not in sync with the Podfile.lock. Run 'pod install' or update your CocoaPods installation.\nEOM\n    exit 1\nfi\n";
			showEnvVarsInLog = 0;
		};
		832A063D4E52A3462E9817E6 /* Embed Pods Frameworks */ = {
			isa = PBXShellScriptBuildPhase;
			buildActionMask = 2147483647;
			files = (
			);
			inputPaths = (
			);
			name = "Embed Pods Frameworks";
			outputPaths = (
			);
			runOnlyForDeploymentPostprocessing = 0;
			shellPath = /bin/sh;
			shellScript = "\"${SRCROOT}/Pods/Target Support Files/Pods/Pods-frameworks.sh\"\n";
			showEnvVarsInLog = 0;
		};
		AB2C27700E293B67CAC49CA2 /* Copy Pods Resources */ = {
			isa = PBXShellScriptBuildPhase;
			buildActionMask = 2147483647;
			files = (
			);
			inputPaths = (
			);
			name = "Copy Pods Resources";
			outputPaths = (
			);
			runOnlyForDeploymentPostprocessing = 0;
			shellPath = /bin/sh;
			shellScript = "\"${SRCROOT}/Pods/Target Support Files/Pods/Pods-resources.sh\"\n";
			showEnvVarsInLog = 0;
		};
/* End PBXShellScriptBuildPhase section */

/* Begin PBXSourcesBuildPhase section */
		F242B6C41C87816F00D6A0C4 /* Sources */ = {
			isa = PBXSourcesBuildPhase;
			buildActionMask = 2147483647;
			files = (
				F22BAF6E1CBB2F3500111BD0 /* FJFaceRecognitionViewController.m in Sources */,
				F22BAF821CBC3C3F00111BD0 /* AfterCompareViewController.swift in Sources */,
				F2C6F47F1CBCC09900DF0DA5 /* MealTableViewCell.swift in Sources */,
				F2C6F47D1CBCC09900DF0DA5 /* Meal.swift in Sources */,
				F22BAF731CBB308500111BD0 /* FJLiveCameraViewController.m in Sources */,
				F242B6CE1C87816F00D6A0C4 /* MainViewController.swift in Sources */,
				F242B6D41C87816F00D6A0C4 /* BouncerBuddy.xcdatamodeld in Sources */,
				F2C6F4801CBCC09900DF0DA5 /* RatingControl.swift in Sources */,
				A049FC161CC57E150038D27A /* MealViewController.swift in Sources */,
				F255D8571C8D38D200D681EE /* SignInViewController.swift in Sources */,
				F242B6CC1C87816F00D6A0C4 /* AppDelegate.swift in Sources */,
				F22BAF6F1CBB2F3500111BD0 /* FJFaceDetector.mm in Sources */,
				F2B9EBC11C8DDFFF00CDF5A4 /* HomeModel.swift in Sources */,
				F2B9EBBF1C8DDF9600CDF5A4 /* BannedModel.swift in Sources */,
				F2A741671C8E061D00B8518E /* ScanningHubViewController.swift in Sources */,
				F22BAF7A1CBB3AEB00111BD0 /* UIImage+OpenCV.mm in Sources */,
				F242B6FD1C8785E700D6A0C4 /* RegisterViewController.swift in Sources */,
				F22BAF6D1CBB2F3500111BD0 /* FJFaceRecognizer.mm in Sources */,
				A049FC141CC53D120038D27A /* ViewController.swift in Sources */,
				F2C6F47E1CBCC09900DF0DA5 /* MealTableViewController.swift in Sources */,
				F2B9EBBD1C8DDE2200CDF5A4 /* BlackListViewControler.swift in Sources */,
			);
			runOnlyForDeploymentPostprocessing = 0;
		};
		F242B6DB1C87816F00D6A0C4 /* Sources */ = {
			isa = PBXSourcesBuildPhase;
			buildActionMask = 2147483647;
			files = (
				F242B6E41C87816F00D6A0C4 /* BouncerBuddyTests.swift in Sources */,
			);
			runOnlyForDeploymentPostprocessing = 0;
		};
		F242B6E61C87816F00D6A0C4 /* Sources */ = {
			isa = PBXSourcesBuildPhase;
			buildActionMask = 2147483647;
			files = (
				F242B6EF1C87816F00D6A0C4 /* BouncerBuddyUITests.swift in Sources */,
			);
			runOnlyForDeploymentPostprocessing = 0;
		};
/* End PBXSourcesBuildPhase section */

/* Begin PBXTargetDependency section */
		F242B6E11C87816F00D6A0C4 /* PBXTargetDependency */ = {
			isa = PBXTargetDependency;
			target = F242B6C71C87816F00D6A0C4 /* BouncerBuddy */;
			targetProxy = F242B6E01C87816F00D6A0C4 /* PBXContainerItemProxy */;
		};
		F242B6EC1C87816F00D6A0C4 /* PBXTargetDependency */ = {
			isa = PBXTargetDependency;
			target = F242B6C71C87816F00D6A0C4 /* BouncerBuddy */;
			targetProxy = F242B6EB1C87816F00D6A0C4 /* PBXContainerItemProxy */;
		};
/* End PBXTargetDependency section */

/* Begin PBXVariantGroup section */
		F242B6CF1C87816F00D6A0C4 /* Main.storyboard */ = {
			isa = PBXVariantGroup;
			children = (
				F242B6D01C87816F00D6A0C4 /* Base */,
			);
			name = Main.storyboard;
			sourceTree = "<group>";
		};
		F242B6D71C87816F00D6A0C4 /* LaunchScreen.storyboard */ = {
			isa = PBXVariantGroup;
			children = (
				F242B6D81C87816F00D6A0C4 /* Base */,
			);
			name = LaunchScreen.storyboard;
			sourceTree = "<group>";
		};
/* End PBXVariantGroup section */

/* Begin XCBuildConfiguration section */
		F242B6F11C87816F00D6A0C4 /* Debug */ = {
			isa = XCBuildConfiguration;
			buildSettings = {
				ALWAYS_SEARCH_USER_PATHS = NO;
				CLANG_CXX_LANGUAGE_STANDARD = "gnu++0x";
				CLANG_CXX_LIBRARY = "libc++";
				CLANG_ENABLE_MODULES = YES;
				CLANG_ENABLE_OBJC_ARC = YES;
				CLANG_WARN_BOOL_CONVERSION = YES;
				CLANG_WARN_CONSTANT_CONVERSION = YES;
				CLANG_WARN_DIRECT_OBJC_ISA_USAGE = YES_ERROR;
				CLANG_WARN_EMPTY_BODY = YES;
				CLANG_WARN_ENUM_CONVERSION = YES;
				CLANG_WARN_INT_CONVERSION = YES;
				CLANG_WARN_OBJC_ROOT_CLASS = YES_ERROR;
				CLANG_WARN_UNREACHABLE_CODE = YES;
				CLANG_WARN__DUPLICATE_METHOD_MATCH = YES;
				"CODE_SIGN_IDENTITY[sdk=iphoneos*]" = "iPhone Developer";
				COPY_PHASE_STRIP = NO;
				DEBUG_INFORMATION_FORMAT = dwarf;
				ENABLE_STRICT_OBJC_MSGSEND = YES;
				ENABLE_TESTABILITY = YES;
				GCC_C_LANGUAGE_STANDARD = gnu99;
				GCC_DYNAMIC_NO_PIC = NO;
				GCC_NO_COMMON_BLOCKS = YES;
				GCC_OPTIMIZATION_LEVEL = 0;
				GCC_PREPROCESSOR_DEFINITIONS = (
					"DEBUG=1",
					"$(inherited)",
				);
				GCC_WARN_64_TO_32_BIT_CONVERSION = YES;
				GCC_WARN_ABOUT_RETURN_TYPE = YES_ERROR;
				GCC_WARN_UNDECLARED_SELECTOR = YES;
				GCC_WARN_UNINITIALIZED_AUTOS = YES_AGGRESSIVE;
				GCC_WARN_UNUSED_FUNCTION = YES;
				GCC_WARN_UNUSED_VARIABLE = YES;
				IPHONEOS_DEPLOYMENT_TARGET = 9.2;
				MTL_ENABLE_DEBUG_INFO = YES;
				ONLY_ACTIVE_ARCH = YES;
				SDKROOT = iphoneos;
				SWIFT_OPTIMIZATION_LEVEL = "-Onone";
				TARGETED_DEVICE_FAMILY = "1,2";
			};
			name = Debug;
		};
		F242B6F21C87816F00D6A0C4 /* Release */ = {
			isa = XCBuildConfiguration;
			buildSettings = {
				ALWAYS_SEARCH_USER_PATHS = NO;
				CLANG_CXX_LANGUAGE_STANDARD = "gnu++0x";
				CLANG_CXX_LIBRARY = "libc++";
				CLANG_ENABLE_MODULES = YES;
				CLANG_ENABLE_OBJC_ARC = YES;
				CLANG_WARN_BOOL_CONVERSION = YES;
				CLANG_WARN_CONSTANT_CONVERSION = YES;
				CLANG_WARN_DIRECT_OBJC_ISA_USAGE = YES_ERROR;
				CLANG_WARN_EMPTY_BODY = YES;
				CLANG_WARN_ENUM_CONVERSION = YES;
				CLANG_WARN_INT_CONVERSION = YES;
				CLANG_WARN_OBJC_ROOT_CLASS = YES_ERROR;
				CLANG_WARN_UNREACHABLE_CODE = YES;
				CLANG_WARN__DUPLICATE_METHOD_MATCH = YES;
				"CODE_SIGN_IDENTITY[sdk=iphoneos*]" = "iPhone Developer";
				COPY_PHASE_STRIP = NO;
				DEBUG_INFORMATION_FORMAT = "dwarf-with-dsym";
				ENABLE_NS_ASSERTIONS = NO;
				ENABLE_STRICT_OBJC_MSGSEND = YES;
				GCC_C_LANGUAGE_STANDARD = gnu99;
				GCC_NO_COMMON_BLOCKS = YES;
				GCC_WARN_64_TO_32_BIT_CONVERSION = YES;
				GCC_WARN_ABOUT_RETURN_TYPE = YES_ERROR;
				GCC_WARN_UNDECLARED_SELECTOR = YES;
				GCC_WARN_UNINITIALIZED_AUTOS = YES_AGGRESSIVE;
				GCC_WARN_UNUSED_FUNCTION = YES;
				GCC_WARN_UNUSED_VARIABLE = YES;
				IPHONEOS_DEPLOYMENT_TARGET = 9.2;
				MTL_ENABLE_DEBUG_INFO = NO;
				SDKROOT = iphoneos;
				TARGETED_DEVICE_FAMILY = "1,2";
				VALIDATE_PRODUCT = YES;
			};
			name = Release;
		};
		F242B6F41C87816F00D6A0C4 /* Debug */ = {
			isa = XCBuildConfiguration;
			baseConfigurationReference = A6FFDBAC24940B6191F97374 /* Pods.debug.xcconfig */;
			buildSettings = {
				ALWAYS_SEARCH_USER_PATHS = YES;
				ASSETCATALOG_COMPILER_APPICON_NAME = AppIcon;
				CLANG_ENABLE_MODULES = YES;
				CODE_SIGN_IDENTITY = "iPhone Developer";
				"CODE_SIGN_IDENTITY[sdk=iphoneos*]" = "iPhone Developer";
				INFOPLIST_FILE = BouncerBuddy/Info.plist;
				LD_RUNPATH_SEARCH_PATHS = "$(inherited) @executable_path/Frameworks";
				PRODUCT_BUNDLE_IDENTIFIER = BouncerBuddyV2;
				PRODUCT_NAME = "$(TARGET_NAME)";
				PROVISIONING_PROFILE = "";
				SWIFT_OBJC_BRIDGING_HEADER = "BouncerBuddy/BouncerBuddy-Bridging-Header.h";
				SWIFT_OPTIMIZATION_LEVEL = "-Onone";
			};
			name = Debug;
		};
		F242B6F51C87816F00D6A0C4 /* Release */ = {
			isa = XCBuildConfiguration;
			baseConfigurationReference = 6CB63D55EF09F80D8451C2AF /* Pods.release.xcconfig */;
			buildSettings = {
				ALWAYS_SEARCH_USER_PATHS = YES;
				ASSETCATALOG_COMPILER_APPICON_NAME = AppIcon;
				CLANG_ENABLE_MODULES = YES;
				CODE_SIGN_IDENTITY = "iPhone Developer";
				"CODE_SIGN_IDENTITY[sdk=iphoneos*]" = "iPhone Developer";
				INFOPLIST_FILE = BouncerBuddy/Info.plist;
				LD_RUNPATH_SEARCH_PATHS = "$(inherited) @executable_path/Frameworks";
				PRODUCT_BUNDLE_IDENTIFIER = BouncerBuddyV2;
				PRODUCT_NAME = "$(TARGET_NAME)";
				PROVISIONING_PROFILE = "";
				SWIFT_OBJC_BRIDGING_HEADER = "BouncerBuddy/BouncerBuddy-Bridging-Header.h";
			};
			name = Release;
		};
		F242B6F71C87816F00D6A0C4 /* Debug */ = {
			isa = XCBuildConfiguration;
			buildSettings = {
				BUNDLE_LOADER = "$(TEST_HOST)";
				INFOPLIST_FILE = BouncerBuddyTests/Info.plist;
				LD_RUNPATH_SEARCH_PATHS = "$(inherited) @executable_path/Frameworks @loader_path/Frameworks";
				PRODUCT_BUNDLE_IDENTIFIER = hong.BouncerBuddyTests;
				PRODUCT_NAME = "$(TARGET_NAME)";
				TEST_HOST = "$(BUILT_PRODUCTS_DIR)/BouncerBuddy.app/BouncerBuddy";
			};
			name = Debug;
		};
		F242B6F81C87816F00D6A0C4 /* Release */ = {
			isa = XCBuildConfiguration;
			buildSettings = {
				BUNDLE_LOADER = "$(TEST_HOST)";
				INFOPLIST_FILE = BouncerBuddyTests/Info.plist;
				LD_RUNPATH_SEARCH_PATHS = "$(inherited) @executable_path/Frameworks @loader_path/Frameworks";
				PRODUCT_BUNDLE_IDENTIFIER = hong.BouncerBuddyTests;
				PRODUCT_NAME = "$(TARGET_NAME)";
				TEST_HOST = "$(BUILT_PRODUCTS_DIR)/BouncerBuddy.app/BouncerBuddy";
			};
			name = Release;
		};
		F242B6FA1C87816F00D6A0C4 /* Debug */ = {
			isa = XCBuildConfiguration;
			buildSettings = {
				INFOPLIST_FILE = BouncerBuddyUITests/Info.plist;
				LD_RUNPATH_SEARCH_PATHS = "$(inherited) @executable_path/Frameworks @loader_path/Frameworks";
				PRODUCT_BUNDLE_IDENTIFIER = hong.BouncerBuddyUITests;
				PRODUCT_NAME = "$(TARGET_NAME)";
				TEST_TARGET_NAME = BouncerBuddy;
				USES_XCTRUNNER = YES;
			};
			name = Debug;
		};
		F242B6FB1C87816F00D6A0C4 /* Release */ = {
			isa = XCBuildConfiguration;
			buildSettings = {
				INFOPLIST_FILE = BouncerBuddyUITests/Info.plist;
				LD_RUNPATH_SEARCH_PATHS = "$(inherited) @executable_path/Frameworks @loader_path/Frameworks";
				PRODUCT_BUNDLE_IDENTIFIER = hong.BouncerBuddyUITests;
				PRODUCT_NAME = "$(TARGET_NAME)";
				TEST_TARGET_NAME = BouncerBuddy;
				USES_XCTRUNNER = YES;
			};
			name = Release;
		};
/* End XCBuildConfiguration section */

/* Begin XCConfigurationList section */
		F242B6C31C87816F00D6A0C4 /* Build configuration list for PBXProject "BouncerBuddy" */ = {
			isa = XCConfigurationList;
			buildConfigurations = (
				F242B6F11C87816F00D6A0C4 /* Debug */,
				F242B6F21C87816F00D6A0C4 /* Release */,
			);
			defaultConfigurationIsVisible = 0;
			defaultConfigurationName = Release;
		};
		F242B6F31C87816F00D6A0C4 /* Build configuration list for PBXNativeTarget "BouncerBuddy" */ = {
			isa = XCConfigurationList;
			buildConfigurations = (
				F242B6F41C87816F00D6A0C4 /* Debug */,
				F242B6F51C87816F00D6A0C4 /* Release */,
			);
			defaultConfigurationIsVisible = 0;
			defaultConfigurationName = Release;
		};
		F242B6F61C87816F00D6A0C4 /* Build configuration list for PBXNativeTarget "BouncerBuddyTests" */ = {
			isa = XCConfigurationList;
			buildConfigurations = (
				F242B6F71C87816F00D6A0C4 /* Debug */,
				F242B6F81C87816F00D6A0C4 /* Release */,
			);
			defaultConfigurationIsVisible = 0;
			defaultConfigurationName = Release;
		};
		F242B6F91C87816F00D6A0C4 /* Build configuration list for PBXNativeTarget "BouncerBuddyUITests" */ = {
			isa = XCConfigurationList;
			buildConfigurations = (
				F242B6FA1C87816F00D6A0C4 /* Debug */,
				F242B6FB1C87816F00D6A0C4 /* Release */,
			);
			defaultConfigurationIsVisible = 0;
			defaultConfigurationName = Release;
		};
/* End XCConfigurationList section */

/* Begin XCVersionGroup section */
		F242B6D21C87816F00D6A0C4 /* BouncerBuddy.xcdatamodeld */ = {
			isa = XCVersionGroup;
			children = (
				F242B6D31C87816F00D6A0C4 /* BouncerBuddy.xcdatamodel */,
			);
			currentVersion = F242B6D31C87816F00D6A0C4 /* BouncerBuddy.xcdatamodel */;
			path = BouncerBuddy.xcdatamodeld;
			sourceTree = "<group>";
			versionGroupType = wrapper.xcdatamodel;
		};
/* End XCVersionGroup section */
	};
	rootObject = F242B6C01C87816F00D6A0C4 /* Project object */;
}
